{
  "lockfile-version": 1,
  "manifest": {
    "version": 1,
    "install": {
      "cargo": {
        "pkg-path": "cargo",
        "pkg-group": "rust-toolchain",
        "version": "1.87.0"
      },
      "clang": {
        "pkg-path": "clang",
        "systems": [
          "aarch64-darwin",
          "x86_64-darwin"
        ]
      },
      "clippy": {
        "pkg-path": "clippy",
        "pkg-group": "rust-toolchain"
      },
      "gcc": {
        "pkg-path": "gcc",
        "systems": [
          "aarch64-linux",
          "x86_64-linux"
        ]
      },
      "libiconv": {
        "pkg-path": "libiconv",
        "systems": [
          "aarch64-darwin",
          "x86_64-darwin"
        ]
      },
      "rust-analyzer": {
        "pkg-path": "rust-analyzer",
        "pkg-group": "rust-analyzer"
      },
      "rust-lib-src": {
        "pkg-path": "rustPlatform.rustLibSrc",
        "pkg-group": "rust-toolchain"
      },
      "rustc": {
        "pkg-path": "rustc",
        "pkg-group": "rust-toolchain"
      },
      "rustfmt": {
        "pkg-path": "rustfmt",
        "pkg-group": "rust-toolchain"
      }
    },
    "hook": {
      "on-activate": "  export PATH=\"$PWD/target/debug:$PATH\"\n"
    },
    "profile": {},
    "options": {
      "systems": [
        "aarch64-darwin",
        "aarch64-linux",
        "x86_64-darwin",
        "x86_64-linux"
      ]
    }
  },
  "packages": [
    {
      "attr_path": "rust-analyzer",
      "broken": false,
      "derivation": "/nix/store/4d5zm2za90kxmjyl6g02hp18cfb7j7jd-rust-analyzer-2026-02-16.drv",
      "description": "Language server for the Rust language",
      "install_id": "rust-analyzer",
      "license": "[ MIT, Apache-2.0 ]",
      "locked_url": "https://github.com/flox/nixpkgs?rev=dd9b079222d43e1943b6ebd802f04fd959dc8e61",
      "name": "rust-analyzer-2026-02-16",
      "pname": "rust-analyzer",
      "rev": "dd9b079222d43e1943b6ebd802f04fd959dc8e61",
      "rev_count": 955442,
      "rev_date": "2026-02-27T13:13:23Z",
      "scrape_date": "2026-03-01T04:41:39.143372Z",
      "stabilities": [
        "unstable"
      ],
      "unfree": false,
      "version": "2026-02-16",
      "outputs_to_install": [
        "out"
      ],
      "outputs": {
        "out": "/nix/store/nz6l7l5kgf7dmgiq35b3pr00smcd39aj-rust-analyzer-2026-02-16"
      },
      "system": "aarch64-darwin",
      "group": "rust-analyzer",
      "priority": 5
    },
    {
      "attr_path": "rust-analyzer",
      "broken": false,
      "derivation": "/nix/store/gx09p3kw0ql9lasbk56nkym7n3dynxvz-rust-analyzer-2026-02-16.drv",
      "description": "Language server for the Rust language",
      "install_id": "rust-analyzer",
      "license": "[ MIT, Apache-2.0 ]",
      "locked_url": "https://github.com/flox/nixpkgs?rev=dd9b079222d43e1943b6ebd802f04fd959dc8e61",
      "name": "rust-analyzer-2026-02-16",
      "pname": "rust-analyzer",
      "rev": "dd9b079222d43e1943b6ebd802f04fd959dc8e61",
      "rev_count": 955442,
      "rev_date": "2026-02-27T13:13:23Z",
      "scrape_date": "2026-03-01T05:12:51.081939Z",
      "stabilities": [
        "unstable"
      ],
      "unfree": false,
      "version": "2026-02-16",
      "outputs_to_install": [
        "out"
      ],
      "outputs": {
        "out": "/nix/store/8wl18z22vf7y7kj77k4a3y4a63kzrlpq-rust-analyzer-2026-02-16"
      },
      "system": "aarch64-linux",
      "group": "rust-analyzer",
      "priority": 5
    },
    {
      "attr_path": "rust-analyzer",
      "broken": false,
      "derivation": "/nix/store/jjc37n1lvlgnx40fvyc86svadp8l3vgh-rust-analyzer-2026-02-16.drv",
      "description": "Language server for the Rust language",
      "install_id": "rust-analyzer",
      "license": "[ MIT, Apache-2.0 ]",
      "locked_url": "https://github.com/flox/nixpkgs?rev=dd9b079222d43e1943b6ebd802f04fd959dc8e61",
      "name": "rust-analyzer-2026-02-16",
      "pname": "rust-analyzer",
      "rev": "dd9b079222d43e1943b6ebd802f04fd959dc8e61",
      "rev_count": 955442,
      "rev_date": "2026-02-27T13:13:23Z",
      "scrape_date": "2026-03-01T05:41:37.201301Z",
      "stabilities": [
        "unstable"
      ],
      "unfree": false,
      "version": "2026-02-16",
      "outputs_to_install": [
        "out"
      ],
      "outputs": {
        "out": "/nix/store/7zxbyg0cr4ajg1cnfdfahwhl37jl5jdg-rust-analyzer-2026-02-16"
      },
      "system": "x86_64-darwin",
      "group": "rust-analyzer",
      "priority": 5
    },
    {
      "attr_path": "rust-analyzer",
      "broken": false,
      "derivation": "/nix/store/krap4ws4gg5ph5qq19vilzjijqr44s1b-rust-analyzer-2026-02-16.drv",
      "description": "Language server for the Rust language",
      "install_id": "rust-analyzer",
      "license": "[ MIT, Apache-2.0 ]",
      "locked_url": "https://github.com/flox/nixpkgs?rev=dd9b079222d43e1943b6ebd802f04fd959dc8e61",
      "name": "rust-analyzer-2026-02-16",
      "pname": "rust-analyzer",
      "rev": "dd9b079222d43e1943b6ebd802f04fd959dc8e61",
      "rev_count": 955442,
      "rev_date": "2026-02-27T13:13:23Z",
      "scrape_date": "2026-03-01T06:18:58.931001Z",
      "stabilities": [
        "unstable"
      ],
      "unfree": false,
      "version": "2026-02-16",
      "outputs_to_install": [
        "out"
      ],
      "outputs": {
        "out": "/nix/store/3h49id8siw8mlpkk47n8bxbkhiqwwc15-rust-analyzer-2026-02-16"
      },
      "system": "x86_64-linux",
      "group": "rust-analyzer",
      "priority": 5
    },
    {
      "attr_path": "cargo",
      "broken": false,
      "derivation": "/nix/store/yz64m4f4dlr3n8mkjlk8la87wh7x962d-cargo-1.87.0.drv",
      "description": "Downloads your Rust project's dependencies and builds your project",
      "install_id": "cargo",
      "license": "[ MIT, Apache-2.0 ]",
      "locked_url": "https://github.com/flox/nixpkgs?rev=9807714d6944a957c2e036f84b0ff8caf9930bc0",
      "name": "cargo-1.87.0",
      "pname": "cargo",
      "rev": "9807714d6944a957c2e036f84b0ff8caf9930bc0",
      "rev_count": 826938,
      "rev_date": "2025-07-08T14:16:20Z",
      "scrape_date": "2025-07-10T05:14:30.263548Z",
      "stabilities": [
        "unstable",
        "staging"
      ],
      "unfree": false,
      "version": "1.87.0",
      "outputs_to_install": [
        "out"
      ],
      "outputs": {
        "out": "/nix/store/v88yigjzrp2i744pd7pk7cia03vzqzlg-cargo-1.87.0"
      },
      "system": "aarch64-darwin",
      "group": "rust-toolchain",
      "priority": 5
    },
    {
      "attr_path": "cargo",
      "broken": false,
      "derivation": "/nix/store/06h7s3x56jiqmj7mr17rv6pzcx2c1ss5-cargo-1.87.0.drv",
      "description": "Downloads your Rust project's dependencies and builds your project",
      "install_id": "cargo",
      "license": "[ MIT, Apache-2.0 ]",
      "locked_url": "https://github.com/flox/nixpkgs?rev=9807714d6944a957c2e036f84b0ff8caf9930bc0",
      "name": "cargo-1.87.0",
      "pname": "cargo",
      "rev": "9807714d6944a957c2e036f84b0ff8caf9930bc0",
      "rev_count": 826938,
      "rev_date": "2025-07-08T14:16:20Z",
      "scrape_date": "2025-07-10T05:34:50.263570Z",
      "stabilities": [
        "unstable",
        "staging"
      ],
      "unfree": false,
      "version": "1.87.0",
      "outputs_to_install": [
        "out"
      ],
      "outputs": {
        "out": "/nix/store/x18skxk3aq3q6cwg5h24cxdykdvwphs3-cargo-1.87.0"
      },
      "system": "aarch64-linux",
      "group": "rust-toolchain",
      "priority": 5
    },
    {
      "attr_path": "cargo",
      "broken": false,
      "derivation": "/nix/store/17qs0saqry5q7zl8jscz2rj2n4ljv6f8-cargo-1.87.0.drv",
      "description": "Downloads your Rust project's dependencies and builds your project",
      "install_id": "cargo",
      "license": "[ MIT, Apache-2.0 ]",
      "locked_url": "https://github.com/flox/nixpkgs?rev=9807714d6944a957c2e036f84b0ff8caf9930bc0",
      "name": "cargo-1.87.0",
      "pname": "cargo",
      "rev": "9807714d6944a957c2e036f84b0ff8caf9930bc0",
      "rev_count": 826938,
      "rev_date": "2025-07-08T14:16:20Z",
      "scrape_date": "2025-07-10T05:53:48.554643Z",
      "stabilities": [
        "unstable",
        "staging"
      ],
      "unfree": false,
      "version": "1.87.0",
      "outputs_to_install": [
        "out"
      ],
      "outputs": {
        "out": "/nix/store/7nimja53blny1ph2nh8b65ymjcsb1dhg-cargo-1.87.0"
      },
      "system": "x86_64-darwin",
      "group": "rust-toolchain",
      "priority": 5
    },
    {
      "attr_path": "cargo",
      "broken": false,
      "derivation": "/nix/store/6iy45z5mj396iycsaiz8yjbxmf2biw8x-cargo-1.87.0.drv",
      "description": "Downloads your Rust project's dependencies and builds your project",
      "install_id": "cargo",
      "license": "[ MIT, Apache-2.0 ]",
      "locked_url": "https://github.com/flox/nixpkgs?rev=9807714d6944a957c2e036f84b0ff8caf9930bc0",
      "name": "cargo-1.87.0",
      "pname": "cargo",
      "rev": "9807714d6944a957c2e036f84b0ff8caf9930bc0",
      "rev_count": 826938,
      "rev_date": "2025-07-08T14:16:20Z",
      "scrape_date": "2025-07-10T06:15:24.611289Z",
      "stabilities": [
        "unstable",
        "staging"
      ],
      "unfree": false,
      "version": "1.87.0",
      "outputs_to_install": [
        "out"
      ],
      "outputs": {
        "out": "/nix/store/a9fmda08s2q579c59bb62n7c0ibfrqyp-cargo-1.87.0"
      },
      "system": "x86_64-linux",
      "group": "rust-toolchain",
      "priority": 5
    },
    {
      "attr_path": "clippy",
      "broken": false,
      "derivation": "/nix/store/mxrfqbi9ixlb0yd24q9c3hhhj2c3c41r-clippy-1.87.0.drv",
      "description": "Bunch of lints to catch common mistakes and improve your Rust code",
      "install_id": "clippy",
      "license": "[ MIT, Apache-2.0 ]",
      "locked_url": "https://github.com/flox/nixpkgs?rev=9807714d6944a957c2e036f84b0ff8caf9930bc0",
      "name": "clippy-1.87.0",
      "pname": "clippy",
      "rev": "9807714d6944a957c2e036f84b0ff8caf9930bc0",
      "rev_count": 826938,
      "rev_date": "2025-07-08T14:16:20Z",
      "scrape_date": "2025-07-10T05:14:30.409826Z",
      "stabilities": [
        "unstable",
        "staging"
      ],
      "unfree": false,
      "version": "1.87.0",
      "outputs_to_install": [
        "out"
      ],
      "outputs": {
        "out": "/nix/store/mhrrn0qk5725p5c9z0kj3gslirx6i4m0-clippy-1.87.0"
      },
      "system": "aarch64-darwin",
      "group": "rust-toolchain",
      "priority": 5
    },
    {
      "attr_path": "clippy",
      "broken": false,
      "derivation": "/nix/store/i0g64lx6kwysk7ljan0d4nn54z0pscgq-clippy-1.87.0.drv",
      "description": "Bunch of lints to catch common mistakes and improve your Rust code",
      "install_id": "clippy",
      "license": "[ MIT, Apache-2.0 ]",
      "locked_url": "https://github.com/flox/nixpkgs?rev=9807714d6944a957c2e036f84b0ff8caf9930bc0",
      "name": "clippy-1.87.0",
      "pname": "clippy",
      "rev": "9807714d6944a957c2e036f84b0ff8caf9930bc0",
      "rev_count": 826938,
      "rev_date": "2025-07-08T14:16:20Z",
      "scrape_date": "2025-07-10T05:34:50.444616Z",
      "stabilities": [
        "unstable",
        "staging"
      ],
      "unfree": false,
      "version": "1.87.0",
      "outputs_to_install": [
        "out"
      ],
      "outputs": {
        "debug": "/nix/store/1ijd0ds4h2x9bqzlpsx7q118rzj2l3rk-clippy-1.87.0-debug",
        "out": "/nix/store/6c2ibzh7dlz3zh7208jhqnyyx0v1pgcb-clippy-1.87.0"
      },
      "system": "aarch64-linux",
      "group": "rust-toolchain",
      "priority": 5
    },
    {
      "attr_path": "clippy",
      "broken": false,
      "derivation": "/nix/store/wa04glxdwbg9fwqm89jq7i615g0lhak8-clippy-1.87.0.drv",
      "description": "Bunch of lints to catch common mistakes and improve your Rust code",
      "install_id": "clippy",
      "license": "[ MIT, Apache-2.0 ]",
      "locked_url": "https://github.com/flox/nixpkgs?rev=9807714d6944a957c2e036f84b0ff8caf9930bc0",
      "name": "clippy-1.87.0",
      "pname": "clippy",
      "rev": "9807714d6944a957c2e036f84b0ff8caf9930bc0",
      "rev_count": 826938,
      "rev_date": "2025-07-08T14:16:20Z",
      "scrape_date": "2025-07-10T05:53:48.696531Z",
      "stabilities": [
        "unstable",
        "staging"
      ],
      "unfree": false,
      "version": "1.87.0",
      "outputs_to_install": [
        "out"
      ],
      "outputs": {
        "out": "/nix/store/xag1px3b0322zjy836kzgvg4f2a3r5y4-clippy-1.87.0"
      },
      "system": "x86_64-darwin",
      "group": "rust-toolchain",
      "priority": 5
    },
    {
      "attr_path": "clippy",
      "broken": false,
      "derivation": "/nix/store/84vch6sab8ws7p8x860bd74z2kh9fks1-clippy-1.87.0.drv",
      "description": "Bunch of lints to catch common mistakes and improve your Rust code",
      "install_id": "clippy",
      "license": "[ MIT, Apache-2.0 ]",
      "locked_url": "https://github.com/flox/nixpkgs?rev=9807714d6944a957c2e036f84b0ff8caf9930bc0",
      "name": "clippy-1.87.0",
      "pname": "clippy",
      "rev": "9807714d6944a957c2e036f84b0ff8caf9930bc0",
      "rev_count": 826938,
      "rev_date": "2025-07-08T14:16:20Z",
      "scrape_date": "2025-07-10T06:15:24.810698Z",
      "stabilities": [
        "unstable",
        "staging"
      ],
      "unfree": false,
      "version": "1.87.0",
      "outputs_to_install": [
        "out"
      ],
      "outputs": {
        "debug": "/nix/store/14zkmirxv1843kscvxv041bcwabin0qx-clippy-1.87.0-debug",
        "out": "/nix/store/jk2rz2ck89rmq3l374s1k7rhjkpfa0r8-clippy-1.87.0"
      },
      "system": "x86_64-linux",
      "group": "rust-toolchain",
      "priority": 5
    },
    {
      "attr_path": "rustPlatform.rustLibSrc",
      "broken": false,
      "derivation": "/nix/store/8fpyj46diblxq7cinmgqwkz4md3qhlfq-rust-lib-src.drv",
      "install_id": "rust-lib-src",
      "locked_url": "https://github.com/flox/nixpkgs?rev=9807714d6944a957c2e036f84b0ff8caf9930bc0",
      "name": "rust-lib-src",
      "pname": "rustLibSrc",
      "rev": "9807714d6944a957c2e036f84b0ff8caf9930bc0",
      "rev_count": 826938,
      "rev_date": "2025-07-08T14:16:20Z",
      "scrape_date": "2025-07-10T05:15:37.439991Z",
      "stabilities": [
        "unstable",
        "staging"
      ],
      "unfree": false,
      "version": "rust-lib-src",
      "outputs_to_install": [
        "out"
      ],
      "outputs": {
        "out": "/nix/store/bnvf58mfar2dxlhzhl9sgvn0qqqq61wy-rust-lib-src"
      },
      "system": "aarch64-darwin",
      "group": "rust-toolchain",
      "priority": 5
    },
    {
      "attr_path": "rustPlatform.rustLibSrc",
      "broken": false,
      "derivation": "/nix/store/90mgy466m5h0c2f7q31279fn4y398ngm-rust-lib-src.drv",
      "install_id": "rust-lib-src",
      "locked_url": "https://github.com/flox/nixpkgs?rev=9807714d6944a957c2e036f84b0ff8caf9930bc0",
      "name": "rust-lib-src",
      "pname": "rustLibSrc",
      "rev": "9807714d6944a957c2e036f84b0ff8caf9930bc0",
      "rev_count": 826938,
      "rev_date": "2025-07-08T14:16:20Z",
      "scrape_date": "2025-07-10T05:36:32.681301Z",
      "stabilities": [
        "unstable",
        "staging"
      ],
      "unfree": false,
      "version": "rust-lib-src",
      "outputs_to_install": [
        "out"
      ],
      "outputs": {
        "out": "/nix/store/q5n73hx81jqjysa875bxcf0yqzmfjgs5-rust-lib-src"
      },
      "system": "aarch64-linux",
      "group": "rust-toolchain",
      "priority": 5
    },
    {
      "attr_path": "rustPlatform.rustLibSrc",
      "broken": false,
      "derivation": "/nix/store/95lq074l3ij0fc0s98cxm7n92yzriv5s-rust-lib-src.drv",
      "install_id": "rust-lib-src",
      "locked_url": "https://github.com/flox/nixpkgs?rev=9807714d6944a957c2e036f84b0ff8caf9930bc0",
      "name": "rust-lib-src",
      "pname": "rustLibSrc",
      "rev": "9807714d6944a957c2e036f84b0ff8caf9930bc0",
      "rev_count": 826938,
      "rev_date": "2025-07-08T14:16:20Z",
      "scrape_date": "2025-07-10T05:54:56.505730Z",
      "stabilities": [
        "unstable",
        "staging"
      ],
      "unfree": false,
      "version": "rust-lib-src",
      "outputs_to_install": [
        "out"
      ],
      "outputs": {
        "out": "/nix/store/f30kk6sqy91aia3vjcix0qbjhxlikpsa-rust-lib-src"
      },
      "system": "x86_64-darwin",
      "group": "rust-toolchain",
      "priority": 5
    },
    {
      "attr_path": "rustPlatform.rustLibSrc",
      "broken": false,
      "derivation": "/nix/store/9p5jj9v67cpaw5iijkrg78wr32x16hl9-rust-lib-src.drv",
      "install_id": "rust-lib-src",
      "locked_url": "https://github.com/flox/nixpkgs?rev=9807714d6944a957c2e036f84b0ff8caf9930bc0",
      "name": "rust-lib-src",
      "pname": "rustLibSrc",
      "rev": "9807714d6944a957c2e036f84b0ff8caf9930bc0",
      "rev_count": 826938,
      "rev_date": "2025-07-08T14:16:20Z",
      "scrape_date": "2025-07-10T06:17:17.541798Z",
      "stabilities": [
        "unstable",
        "staging"
      ],
      "unfree": false,
      "version": "rust-lib-src",
      "outputs_to_install": [
        "out"
      ],
      "outputs": {
        "out": "/nix/store/x6g1lph585h12ssw317fn8bssmwlzwjc-rust-lib-src"
      },
      "system": "x86_64-linux",
      "group": "rust-toolchain",
      "priority": 5
    },
    {
      "attr_path": "rustc",
      "broken": false,
      "derivation": "/nix/store/i4yj8spvqpl2ipxc78ki5m948h962v6k-rustc-wrapper-1.87.0.drv",
      "description": "Safe, concurrent, practical language (wrapper script)",
      "install_id": "rustc",
      "license": "[ MIT, Apache-2.0 ]",
      "locked_url": "https://github.com/flox/nixpkgs?rev=9807714d6944a957c2e036f84b0ff8caf9930bc0",
      "name": "rustc-wrapper-1.87.0",
      "pname": "rustc",
      "rev": "9807714d6944a957c2e036f84b0ff8caf9930bc0",
      "rev_count": 826938,
      "rev_date": "2025-07-08T14:16:20Z",
      "scrape_date": "2025-07-10T05:15:03.745174Z",
      "stabilities": [
        "unstable",
        "staging"
      ],
      "unfree": false,
      "version": "1.87.0",
      "outputs_to_install": [
        "man",
        "out"
      ],
      "outputs": {
        "doc": "/nix/store/faabdbvkv2bga0ax1s2nv5iy66bvdr02-rustc-wrapper-1.87.0-doc",
        "man": "/nix/store/y4lq1nv73pp2bxhgmrbkkwnz9cmp8fgw-rustc-wrapper-1.87.0-man",
        "out": "/nix/store/r6r97lmgrw4bi5gca31ya92kzbfbaka0-rustc-wrapper-1.87.0"
      },
      "system": "aarch64-darwin",
      "group": "rust-toolchain",
      "priority": 5
    },
    {
      "attr_path": "rustc",
      "broken": false,
      "derivation": "/nix/store/ygx1h9p3dlg0ri6fxmbyh970j3wkg2fj-rustc-wrapper-1.87.0.drv",
      "description": "Safe, concurrent, practical language (wrapper script)",
      "install_id": "rustc",
      "license": "[ MIT, Apache-2.0 ]",
      "locked_url": "https://github.com/flox/nixpkgs?rev=9807714d6944a957c2e036f84b0ff8caf9930bc0",
      "name": "rustc-wrapper-1.87.0",
      "pname": "rustc",
      "rev": "9807714d6944a957c2e036f84b0ff8caf9930bc0",
      "rev_count": 826938,
      "rev_date": "2025-07-08T14:16:20Z",
      "scrape_date": "2025-07-10T05:35:46.421298Z",
      "stabilities": [
        "unstable",
        "staging"
      ],
      "unfree": false,
      "version": "1.87.0",
      "outputs_to_install": [
        "man",
        "out"
      ],
      "outputs": {
        "doc": "/nix/store/h8bpf21asrfkqdxava1vmfkr1mnvcdd8-rustc-wrapper-1.87.0-doc",
        "man": "/nix/store/97vbnw8ck0rpi6y80npvxp70wymal6dl-rustc-wrapper-1.87.0-man",
        "out": "/nix/store/fjdgnxlyz46kp50pjdc0gr2n5400mvzz-rustc-wrapper-1.87.0"
      },
      "system": "aarch64-linux",
      "group": "rust-toolchain",
      "priority": 5
    },
    {
      "attr_path": "rustc",
      "broken": false,
      "derivation": "/nix/store/766zw5lqmvi5kmql1i9a0iyc3hlyvvdy-rustc-wrapper-1.87.0.drv",
      "description": "Safe, concurrent, practical language (wrapper script)",
      "install_id": "rustc",
      "license": "[ MIT, Apache-2.0 ]",
      "locked_url": "https://github.com/flox/nixpkgs?rev=9807714d6944a957c2e036f84b0ff8caf9930bc0",
      "name": "rustc-wrapper-1.87.0",
      "pname": "rustc",
      "rev": "9807714d6944a957c2e036f84b0ff8caf9930bc0",
      "rev_count": 826938,
      "rev_date": "2025-07-08T14:16:20Z",
      "scrape_date": "2025-07-10T05:54:22.336864Z",
      "stabilities": [
        "unstable",
        "staging"
      ],
      "unfree": false,
      "version": "1.87.0",
      "outputs_to_install": [
        "man",
        "out"
      ],
      "outputs": {
        "doc": "/nix/store/4gsz0hvhdlwzgj5rzzp7z6hrwq6jszjj-rustc-wrapper-1.87.0-doc",
        "man": "/nix/store/2sygf1sap1n0bhal5isiaaqdx6ss82pi-rustc-wrapper-1.87.0-man",
        "out": "/nix/store/nvf24al2zqylpz7g73hapcxlsl9vg8sf-rustc-wrapper-1.87.0"
      },
      "system": "x86_64-darwin",
      "group": "rust-toolchain",
      "priority": 5
    },
    {
      "attr_path": "rustc",
      "broken": false,
      "derivation": "/nix/store/34sx9scfk4d74ybq0rsfq1n3b23mnm49-rustc-wrapper-1.87.0.drv",
      "description": "Safe, concurrent, practical language (wrapper script)",
      "install_id": "rustc",
      "license": "[ MIT, Apache-2.0 ]",
      "locked_url": "https://github.com/flox/nixpkgs?rev=9807714d6944a957c2e036f84b0ff8caf9930bc0",
      "name": "rustc-wrapper-1.87.0",
      "pname": "rustc",
      "rev": "9807714d6944a957c2e036f84b0ff8caf9930bc0",
      "rev_count": 826938,
      "rev_date": "2025-07-08T14:16:20Z",
      "scrape_date": "2025-07-10T06:16:27.322661Z",
      "stabilities": [
        "unstable",
        "staging"
      ],
      "unfree": false,
      "version": "1.87.0",
      "outputs_to_install": [
        "man",
        "out"
      ],
      "outputs": {
        "doc": "/nix/store/s2ygjzsdmp315vc99k1r2nrcd3m0f9dv-rustc-wrapper-1.87.0-doc",
        "man": "/nix/store/bmj1mabj88hlrqzcy1m82b00r98r9xag-rustc-wrapper-1.87.0-man",
        "out": "/nix/store/qy5qx741g17vb0y2qqwivabx58chyb1n-rustc-wrapper-1.87.0"
      },
      "system": "x86_64-linux",
      "group": "rust-toolchain",
      "priority": 5
    },
    {
      "attr_path": "rustfmt",
      "broken": false,
      "derivation": "/nix/store/g2gy6h18v0smr9alhld6dxlv2nfgr6s9-rustfmt-1.87.0.drv",
      "description": "Tool for formatting Rust code according to style guidelines",
      "install_id": "rustfmt",
      "license": "[ MIT, Apache-2.0 ]",
      "locked_url": "https://github.com/flox/nixpkgs?rev=9807714d6944a957c2e036f84b0ff8caf9930bc0",
      "name": "rustfmt-1.87.0",
      "pname": "rustfmt",
      "rev": "9807714d6944a957c2e036f84b0ff8caf9930bc0",
      "rev_count": 826938,
      "rev_date": "2025-07-08T14:16:20Z",
      "scrape_date": "2025-07-10T05:15:03.752334Z",
      "stabilities": [
        "unstable",
        "staging"
      ],
      "unfree": false,
      "version": "1.87.0",
      "outputs_to_install": [
        "out"
      ],
      "outputs": {
        "out": "/nix/store/hq53kp1dvxlj68kc37nns20h3gavbbc3-rustfmt-1.87.0"
      },
      "system": "aarch64-darwin",
      "group": "rust-toolchain",
      "priority": 5
    },
    {
      "attr_path": "rustfmt",
      "broken": false,
      "derivation": "/nix/store/xn8sgq4k2a7axj15xpklwhbzhns0mm93-rustfmt-1.87.0.drv",
      "description": "Tool for formatting Rust code according to style guidelines",
      "install_id": "rustfmt",
      "license": "[ MIT, Apache-2.0 ]",
      "locked_url": "https://github.com/flox/nixpkgs?rev=9807714d6944a957c2e036f84b0ff8caf9930bc0",
      "name": "rustfmt-1.87.0",
      "pname": "rustfmt",
      "rev": "9807714d6944a957c2e036f84b0ff8caf9930bc0",
      "rev_count": 826938,
      "rev_date": "2025-07-08T14:16:20Z",
      "scrape_date": "2025-07-10T05:35:46.434351Z",
      "stabilities": [
        "unstable",
        "staging"
      ],
      "unfree": false,
      "version": "1.87.0",
      "outputs_to_install": [
        "out"
      ],
      "outputs": {
        "out": "/nix/store/j966hbiwmgjzmn8jxn4z382q4009dnsf-rustfmt-1.87.0"
      },
      "system": "aarch64-linux",
      "group": "rust-toolchain",
      "priority": 5
    },
    {
      "attr_path": "rustfmt",
      "broken": false,
      "derivation": "/nix/store/ygnzjxsq4mf1rf6yc9mmx0nf14isavqd-rustfmt-1.87.0.drv",
      "description": "Tool for formatting Rust code according to style guidelines",
      "install_id": "rustfmt",
      "license": "[ MIT, Apache-2.0 ]",
      "locked_url": "https://github.com/flox/nixpkgs?rev=9807714d6944a957c2e036f84b0ff8caf9930bc0",
      "name": "rustfmt-1.87.0",
      "pname": "rustfmt",
      "rev": "9807714d6944a957c2e036f84b0ff8caf9930bc0",
      "rev_count": 826938,
      "rev_date": "2025-07-08T14:16:20Z",
      "scrape_date": "2025-07-10T05:54:22.344099Z",
      "stabilities": [
        "unstable",
        "staging"
      ],
      "unfree": false,
      "version": "1.87.0",
      "outputs_to_install": [
        "out"
      ],
      "outputs": {
        "out": "/nix/store/wnbk22kwbbxdisz9fw4vpwgq5ycgmhcz-rustfmt-1.87.0"
      },
      "system": "x86_64-darwin",
      "group": "rust-toolchain",
      "priority": 5
    },
    {
      "attr_path": "rustfmt",
      "broken": false,
      "derivation": "/nix/store/7lkya0vc4p33imwbhzvbr2azpxhn521f-rustfmt-1.87.0.drv",
      "description": "Tool for formatting Rust code according to style guidelines",
      "install_id": "rustfmt",
      "license": "[ MIT, Apache-2.0 ]",
      "locked_url": "https://github.com/flox/nixpkgs?rev=9807714d6944a957c2e036f84b0ff8caf9930bc0",
      "name": "rustfmt-1.87.0",
      "pname": "rustfmt",
      "rev": "9807714d6944a957c2e036f84b0ff8caf9930bc0",
      "rev_count": 826938,
      "rev_date": "2025-07-08T14:16:20Z",
      "scrape_date": "2025-07-10T06:16:27.338562Z",
      "stabilities": [
        "unstable",
        "staging"
      ],
      "unfree": false,
      "version": "1.87.0",
      "outputs_to_install": [
        "out"
      ],
      "outputs": {
        "out": "/nix/store/rj101nks28dl7pnyk22ydhvjnvyh5ajm-rustfmt-1.87.0"
      },
      "system": "x86_64-linux",
      "group": "rust-toolchain",
      "priority": 5
    },
    {
      "attr_path": "clang",
      "broken": false,
      "derivation": "/nix/store/14i55j8h7jzjsjlzbisw3d89f8pwd5n8-clang-wrapper-21.1.8.drv",
      "description": "C language family frontend for LLVM (wrapper script)",
      "install_id": "clang",
      "license": "[ NCSA, Apache-2.0, LLVM-exception ]",
      "locked_url": "https://github.com/flox/nixpkgs?rev=dd9b079222d43e1943b6ebd802f04fd959dc8e61",
      "name": "clang-wrapper-21.1.8",
      "pname": "clang",
      "rev": "dd9b079222d43e1943b6ebd802f04fd959dc8e61",
      "rev_count": 955442,
      "rev_date": "2026-02-27T13:13:23Z",
      "scrape_date": "2026-03-01T04:40:12.452372Z",
      "stabilities": [
        "unstable"
      ],
      "unfree": false,
      "version": "21.1.8",
      "outputs_to_install": [
        "out"
      ],
      "outputs": {
        "out": "/nix/store/vl936sd1vj8s008akm3gibkgyqk30qhz-clang-wrapper-21.1.8"
      },
      "system": "aarch64-darwin",
      "group": "toplevel",
      "priority": 5
    },
    {
      "attr_path": "clang",
      "broken": false,
      "derivation": "/nix/store/kyhkm6inccxgq5db61maw5m1hmyvxf6h-clang-wrapper-21.1.8.drv",
      "description": "C language family frontend for LLVM (wrapper script)",
      "install_id": "clang",
      "license": "[ NCSA, Apache-2.0, LLVM-exception ]",
      "locked_url": "https://github.com/flox/nixpkgs?rev=dd9b079222d43e1943b6ebd802f04fd959dc8e61",
      "name": "clang-wrapper-21.1.8",
      "pname": "clang",
      "rev": "dd9b079222d43e1943b6ebd802f04fd959dc8e61",
      "rev_count": 955442,
      "rev_date": "2026-02-27T13:13:23Z",
      "scrape_date": "2026-03-01T05:40:10.237767Z",
      "stabilities": [
        "unstable"
      ],
      "unfree": false,
      "version": "21.1.8",
      "outputs_to_install": [
        "out"
      ],
      "outputs": {
        "out": "/nix/store/q1843vmrs211i2xb1x16220jq1s3m1nz-clang-wrapper-21.1.8"
      },
      "system": "x86_64-darwin",
      "group": "toplevel",
      "priority": 5
    },
    {
      "attr_path": "gcc",
      "broken": false,
      "derivation": "/nix/store/rwb9v0myg18sx7fn003h1ymla7fd4yay-gcc-wrapper-15.2.0.drv",
      "description": "GNU Compiler Collection, version 15.2.0 (wrapper script)",
      "install_id": "gcc",
      "license": "GPL-3.0-or-later",
      "locked_url": "https://github.com/flox/nixpkgs?rev=dd9b079222d43e1943b6ebd802f04fd959dc8e61",
      "name": "gcc-wrapper-15.2.0",
      "pname": "gcc",
      "rev": "dd9b079222d43e1943b6ebd802f04fd959dc8e61",
      "rev_count": 955442,
      "rev_date": "2026-02-27T13:13:23Z",
      "scrape_date": "2026-03-01T05:10:56.051902Z",
      "stabilities": [
        "unstable"
      ],
      "unfree": false,
      "version": "15.2.0",
      "outputs_to_install": [
        "man",
        "out",
        "out"
      ],
      "outputs": {
        "info": "/nix/store/0ps642kc7j7wg0bz3hb978plg16xfi7n-gcc-wrapper-15.2.0-info",
        "man": "/nix/store/y50lsbpbiy4wg5ccbbb68rabs2n3m69b-gcc-wrapper-15.2.0-man",
        "out": "/nix/store/6hazq450ci6m382yq4ym8a6mbiv9mfsk-gcc-wrapper-15.2.0"
      },
      "system": "aarch64-linux",
      "group": "toplevel",
      "priority": 5
    },
    {
      "attr_path": "gcc",
      "broken": false,
      "derivation": "/nix/store/l8kjykqqnkh48cxjhz1p9wh53mb65dpf-gcc-wrapper-15.2.0.drv",
      "description": "GNU Compiler Collection, version 15.2.0 (wrapper script)",
      "install_id": "gcc",
      "license": "GPL-3.0-or-later",
      "locked_url": "https://github.com/flox/nixpkgs?rev=dd9b079222d43e1943b6ebd802f04fd959dc8e61",
      "name": "gcc-wrapper-15.2.0",
      "pname": "gcc",
      "rev": "dd9b079222d43e1943b6ebd802f04fd959dc8e61",
      "rev_count": 955442,
      "rev_date": "2026-02-27T13:13:23Z",
      "scrape_date": "2026-03-01T06:16:57.338250Z",
      "stabilities": [
        "unstable"
      ],
      "unfree": false,
      "version": "15.2.0",
      "outputs_to_install": [
        "man",
        "out",
        "out"
      ],
      "outputs": {
        "info": "/nix/store/mj78x8b2vp0q9j6xf7bmvinn3m2csfhp-gcc-wrapper-15.2.0-info",
        "man": "/nix/store/crcj0frpw4i8shmfwgyfx9fsqklf2iq5-gcc-wrapper-15.2.0-man",
        "out": "/nix/store/kbw2j1vag664b3sj3rjwz9v53cqx87sb-gcc-wrapper-15.2.0"
      },
      "system": "x86_64-linux",
      "group": "toplevel",
      "priority": 5
    },
    {
      "attr_path": "libiconv",
      "broken": false,
      "derivation": "/nix/store/bj1vi2dikvdphja13d5cc94yhvibvxl9-libiconv-109.100.2.drv",
      "description": "Iconv(3) implementation",
      "install_id": "libiconv",
      "license": "[ BSD-2-Clause, BSD-3-Clause, APSL-1.0 ]",
      "locked_url": "https://github.com/flox/nixpkgs?rev=dd9b079222d43e1943b6ebd802f04fd959dc8e61",
      "name": "libiconv-109.100.2",
      "pname": "libiconv",
      "rev": "dd9b079222d43e1943b6ebd802f04fd959dc8e61",
      "rev_count": 955442,
      "rev_date": "2026-02-27T13:13:23Z",
      "scrape_date": "2026-03-01T04:40:29.332943Z",
      "stabilities": [
        "unstable"
      ],
      "unfree": false,
      "version": "109.100.2",
      "outputs_to_install": [
        "out"
      ],
      "outputs": {
        "dev": "/nix/store/gkyk559bh4zzxh0wfvzqi6zj3rdn0d9q-libiconv-109.100.2-dev",
        "out": "/nix/store/ik1b3z19bgk8lagf461zq222kxrpdynb-libiconv-109.100.2"
      },
      "system": "aarch64-darwin",
      "group": "toplevel",
      "priority": 5
    },
    {
      "attr_path": "libiconv",
      "broken": false,
      "derivation": "/nix/store/msl2yd0rkvz22sa1c1hab6h6kp7har15-libiconv-109.100.2.drv",
      "description": "Iconv(3) implementation",
      "install_id": "libiconv",
      "license": "[ BSD-2-Clause, BSD-3-Clause, APSL-1.0 ]",
      "locked_url": "https://github.com/flox/nixpkgs?rev=dd9b079222d43e1943b6ebd802f04fd959dc8e61",
      "name": "libiconv-109.100.2",
      "pname": "libiconv",
      "rev": "dd9b079222d43e1943b6ebd802f04fd959dc8e61",
      "rev_count": 955442,
      "rev_date": "2026-02-27T13:13:23Z",
      "scrape_date": "2026-03-01T05:40:27.514798Z",
      "stabilities": [
        "unstable"
      ],
      "unfree": false,
      "version": "109.100.2",
      "outputs_to_install": [
        "out"
      ],
      "outputs": {
        "dev": "/nix/store/5bwhjr63kxw3vbjs3qi03nw43xl4cvy0-libiconv-109.100.2-dev",
        "out": "/nix/store/m6k3gjsdqrnjyrakkv7005lpf33zxj9f-libiconv-109.100.2"
      },
      "system": "x86_64-darwin",
      "group": "toplevel",
      "priority": 5
    }
  ]
}
